
Microsoft Visual Studio Solution File, Format Version 12.00
# Visual Studio Version 18
VisualStudioVersion = 18.0.11205.157 d18.0
MinimumVisualStudioVersion = 10.0.40219.1
Project("{FAE04EC0-301F-11D3-BF4B-00C04F79EFBC}") = "EvGPM", "EvGPM\EvGPM.csproj", "{9E242E08-8C1C-43A1-A902-6784CC3A482F}"
EndProject
Global
	GlobalSection(SolutionConfigurationPlatforms) = preSolution
		Debug|Any CPU = Debug|Any CPU
		Release|Any CPU = Release|Any CPU
	EndGlobalSection
	GlobalSection(ProjectConfigurationPlatforms) = postSolution
		{9E242E08-8C1C-43A1-A902-6784CC3A482F}.Debug|Any CPU.ActiveCfg = Debug|Any CPU
		{9E242E08-8C1C-43A1-A902-6784CC3A482F}.Debug|Any CPU.Build.0 = Debug|Any CPU
		{9E242E08-8C1C-43A1-A902-6784CC3A482F}.Release|Any CPU.ActiveCfg = Release|Any CPU
		{9E242E08-8C1C-43A1-A902-6784CC3A482F}.Release|Any CPU.Build.0 = Release|Any CPU
	EndGlobalSection
	GlobalSection(SolutionProperties) = preSolution
		HideSolutionNode = FALSE
	EndGlobalSection
	GlobalSection(ExtensibilityGlobals) = postSolution
		SolutionGuid = {8B4106CC-DD6C-4E06-90F3-EB00317D8C73}
	EndGlobalSection
EndGlobal
